
Microsoft Visual Studio Solution File, Format Version 12.00
# Visual Studio Version 17
VisualStudioVersion = 17.7.34202.233
MinimumVisualStudioVersion = 10.0.40219.1
Project("{FAE04EC0-301F-11D3-BF4B-00C04F79EFBC}") = "WindowsFormsApp5", "WindowsFormsApp5\WindowsFormsApp5.csproj", "{04F2C410-C225-4ECC-9412-41E7A949CF47}"
EndProject
Global
	GlobalSection(SolutionConfigurationPlatforms) = preSolution
		Debug|Any CPU = Debug|Any CPU
		Release|Any CPU = Release|Any CPU
	EndGlobalSection
	GlobalSection(ProjectConfigurationPlatforms) = postSolution
		{04F2C410-C225-4ECC-9412-41E7A949CF47}.Debug|Any CPU.ActiveCfg = Debug|Any CPU
		{04F2C410-C225-4ECC-9412-41E7A949CF47}.Debug|Any CPU.Build.0 = Debug|Any CPU
		{04F2C410-C225-4ECC-9412-41E7A949CF47}.Release|Any CPU.ActiveCfg = Release|Any CPU
		{04F2C410-C225-4ECC-9412-41E7A949CF47}.Release|Any CPU.Build.0 = Release|Any CPU
	EndGlobalSection
	GlobalSection(SolutionProperties) = preSolution
		HideSolutionNode = FALSE
	EndGlobalSection
	GlobalSection(ExtensibilityGlobals) = postSolution
		SolutionGuid = {956AAE0C-7FDF-4025-AE4C-1B25C8E1E2FA}
	EndGlobalSection
EndGlobal
